
Microsoft Visual Studio Solution File, Format Version 12.00
# Visual Studio Version 17
VisualStudioVersion = 17.5.33530.505
MinimumVisualStudioVersion = 10.0.40219.1
Project("{FAE04EC0-301F-11D3-BF4B-00C04F79EFBC}") = "ElasticSearchWithNet.Api", "ElasticSearchWithNet.Api\ElasticSearchWithNet.Api.csproj", "{B78177AD-718D-4B76-A682-C499C027BEDF}"
EndProject
Global
	GlobalSection(SolutionConfigurationPlatforms) = preSolution
		Debug|Any CPU = Debug|Any CPU
		Release|Any CPU = Release|Any CPU
	EndGlobalSection
	GlobalSection(ProjectConfigurationPlatforms) = postSolution
		{B78177AD-718D-4B76-A682-C499C027BEDF}.Debug|Any CPU.ActiveCfg = Debug|Any CPU
		{B78177AD-718D-4B76-A682-C499C027BEDF}.Debug|Any CPU.Build.0 = Debug|Any CPU
		{B78177AD-718D-4B76-A682-C499C027BEDF}.Release|Any CPU.ActiveCfg = Release|Any CPU
		{B78177AD-718D-4B76-A682-C499C027BEDF}.Release|Any CPU.Build.0 = Release|Any CPU
	EndGlobalSection
	GlobalSection(SolutionProperties) = preSolution
		HideSolutionNode = FALSE
	EndGlobalSection
	GlobalSection(ExtensibilityGlobals) = postSolution
		SolutionGuid = {754373FD-2BA2-43B2-8847-353A59D1B77C}
	EndGlobalSection
EndGlobal
